{
  "name": "search",
  "version": "1.0.0",
  "lockfileVersion": 2,
  "requires": true,
  "packages": {
    "": {
      "name": "search",
      "version": "1.0.0",
      "license": "ISC",
      "dependencies": {
        "@deepgram/sdk": "^1.2.1"
      }
    },
    "node_modules/@deepgram/sdk": {
      "version": "1.2.1",
      "resolved": "https://registry.npmjs.org/@deepgram/sdk/-/sdk-1.2.1.tgz",
      "integrity": "sha512-KbFVODSQUDpmTpZpXsaMG3LrbkdeQpX/oadT35QBzpJkq/HsPbZZhe/9RGdJ9/REzLlqaMwyBQBWfnnfC///uA==",
      "dependencies": {
        "ws": "^7.5.5"
      }
    },
    "node_modules/ws": {
      "version": "7.5.7",
      "resolved": "https://registry.npmjs.org/ws/-/ws-7.5.7.tgz",
      "integrity": "sha512-KMvVuFzpKBuiIXW3E4u3mySRO2/mCHSyZDJQM5NQ9Q9KHWHWh0NHgfbRMLLrceUK5qAL4ytALJbpRMjixFZh8A==",
      "engines": {
        "node": ">=8.3.0"
      },
      "peerDependencies": {
        "bufferutil": "^4.0.1",
        "utf-8-validate": "^5.0.2"
      },
      "peerDependenciesMeta": {
        "bufferutil": {
          "optional": true
        },
        "utf-8-validate": {
          "optional": true
        }
      }
    }
  },
  "dependencies": {
    "@deepgram/sdk": {
      "version": "1.2.1",
      "resolved": "https://registry.npmjs.org/@deepgram/sdk/-/sdk-1.2.1.tgz",
      "integrity": "sha512-KbFVODSQUDpmTpZpXsaMG3LrbkdeQpX/oadT35QBzpJkq/HsPbZZhe/9RGdJ9/REzLlqaMwyBQBWfnnfC///uA==",
      "requires": {
        "ws": "^7.5.5"
      }
    },
    "ws": {
      "version": "7.5.7",
      "resolved": "https://registry.npmjs.org/ws/-/ws-7.5.7.tgz",
      "integrity": "sha512-KMvVuFzpKBuiIXW3E4u3mySRO2/mCHSyZDJQM5NQ9Q9KHWHWh0NHgfbRMLLrceUK5qAL4ytALJbpRMjixFZh8A==",
      "requires": {}
    }
  }
}
